
Microsoft Visual Studio Solution File, Format Version 12.00
# Visual Studio Version 17
VisualStudioVersion = 17.1.32407.343
MinimumVisualStudioVersion = 10.0.40219.1
Project("{FAE04EC0-301F-11D3-BF4B-00C04F79EFBC}") = "testeef", "testeef\testeef.csproj", "{920F7B18-E4C5-4FED-8B17-9B778500D859}"
EndProject
Global
	GlobalSection(SolutionConfigurationPlatforms) = preSolution
		Debug|Any CPU = Debug|Any CPU
		Release|Any CPU = Release|Any CPU
	EndGlobalSection
	GlobalSection(ProjectConfigurationPlatforms) = postSolution
		{920F7B18-E4C5-4FED-8B17-9B778500D859}.Debug|Any CPU.ActiveCfg = Debug|Any CPU
		{920F7B18-E4C5-4FED-8B17-9B778500D859}.Debug|Any CPU.Build.0 = Debug|Any CPU
		{920F7B18-E4C5-4FED-8B17-9B778500D859}.Release|Any CPU.ActiveCfg = Release|Any CPU
		{920F7B18-E4C5-4FED-8B17-9B778500D859}.Release|Any CPU.Build.0 = Release|Any CPU
	EndGlobalSection
	GlobalSection(SolutionProperties) = preSolution
		HideSolutionNode = FALSE
	EndGlobalSection
	GlobalSection(ExtensibilityGlobals) = postSolution
		SolutionGuid = {61CC8032-B067-4061-841B-736AC04DC5D0}
	EndGlobalSection
EndGlobal
